
Microsoft Visual Studio Solution File, Format Version 12.00
# Visual Studio Version 16
VisualStudioVersion = 16.0.32106.194
MinimumVisualStudioVersion = 10.0.40219.1
Project("{FAE04EC0-301F-11D3-BF4B-00C04F79EFBC}") = "Tasks.API", "Tasks.API\Tasks.API.csproj", "{84E34361-8D27-43C9-AD2A-6F0CEEB1CC09}"
EndProject
Global
	GlobalSection(SolutionConfigurationPlatforms) = preSolution
		Debug|Any CPU = Debug|Any CPU
		Release|Any CPU = Release|Any CPU
	EndGlobalSection
	GlobalSection(ProjectConfigurationPlatforms) = postSolution
		{84E34361-8D27-43C9-AD2A-6F0CEEB1CC09}.Debug|Any CPU.ActiveCfg = Debug|Any CPU
		{84E34361-8D27-43C9-AD2A-6F0CEEB1CC09}.Debug|Any CPU.Build.0 = Debug|Any CPU
		{84E34361-8D27-43C9-AD2A-6F0CEEB1CC09}.Release|Any CPU.ActiveCfg = Release|Any CPU
		{84E34361-8D27-43C9-AD2A-6F0CEEB1CC09}.Release|Any CPU.Build.0 = Release|Any CPU
	EndGlobalSection
	GlobalSection(SolutionProperties) = preSolution
		HideSolutionNode = FALSE
	EndGlobalSection
	GlobalSection(ExtensibilityGlobals) = postSolution
		SolutionGuid = {1AA75759-25A1-47B4-A1E8-520356C07A63}
	EndGlobalSection
EndGlobal
